// !$*UTF8*$!
{
	archiveVersion = 1;
	classes = {
	};
	objectVersion = 46;
	objects = {

/* Begin PBXBuildFile section */
		F49E7AEA1F53E9DD005C9788 /* AppDelegate.swift in Sources */ = {isa = PBXBuildFile; fileRef = F49E7AE91F53E9DD005C9788 /* AppDelegate.swift */; };
		F49E7AEC1F53E9DD005C9788 /* ViewController.swift in Sources */ = {isa = PBXBuildFile; fileRef = F49E7AEB1F53E9DD005C9788 /* ViewController.swift */; };
		F49E7AEF1F53E9DD005C9788 /* Main.storyboard in Resources */ = {isa = PBXBuildFile; fileRef = F49E7AED1F53E9DD005C9788 /* Main.storyboard */; };
		F49E7AF11F53E9DD005C9788 /* Assets.xcassets in Resources */ = {isa = PBXBuildFile; fileRef = F49E7AF01F53E9DD005C9788 /* Assets.xcassets */; };
		F49E7AF41F53E9DD005C9788 /* LaunchScreen.storyboard in Resources */ = {isa = PBXBuildFile; fileRef = F49E7AF21F53E9DD005C9788 /* LaunchScreen.storyboard */; };
/* End PBXBuildFile section */

/* Begin PBXFileReference section */
		F49E7AE61F53E9DD005C9788 /* ThreadCommunicationMethod.app */ = {isa = PBXFileReference; explicitFileType = wrapper.application; includeInIndex = 0; path = ThreadCommunicationMethod.app; sourceTree = BUILT_PRODUCTS_DIR; };
		F49E7AE91F53E9DD005C9788 /* AppDelegate.swift */ = {isa = PBXFileReference; lastKnownFileType = sourcecode.swift; path = AppDelegate.swift; sourceTree = "<group>"; };
		F49E7AEB1F53E9DD005C9788 /* ViewController.swift */ = {isa = PBXFileReference; lastKnownFileType = sourcecode.swift; path = ViewController.swift; sourceTree = "<group>"; };
		F49E7AEE1F53E9DD005C9788 /* Base */ = {isa = PBXFileReference; lastKnownFileType = file.storyboard; name = Base; path = Base.lproj/Main.storyboard; sourceTree = "<group>"; };
		F49E7AF01F53E9DD005C9788 /* Assets.xcassets */ = {isa = PBXFileReference; lastKnownFileType = folder.assetcatalog; path = Assets.xcassets; sourceTree = "<group>"; };
		F49E7AF31F53E9DD005C9788 /* Base */ = {isa = PBXFileReference; lastKnownFileType = file.storyboard; name = Base; path = Base.lproj/LaunchScreen.storyboard; sourceTree = "<group>"; };
		F49E7AF51F53E9DD005C9788 /* Info.plist */ = {isa = PBXFileReference; lastKnownFileType = text.plist.xml; path = Info.plist; sourceTree = "<group>"; };
/* End PBXFileReference section */

/* Begin PBXFrameworksBuildPhase section */
		F49E7AE31F53E9DD005C9788 /* Frameworks */ = {
			isa = PBXFrameworksBuildPhase;
			buildActionMask = 2147483647;
			files = (
			);
			runOnlyForDeploymentPostprocessing = 0;
		};
/* End PBXFrameworksBuildPhase section */

/* Begin PBXGroup section */
		F49E7ADD1F53E9DD005C9788 = {
			isa = PBXGroup;
			children = (
				F49E7AE81F53E9DD005C9788 /* ThreadCommunicationMethod */,
				F49E7AE71F53E9DD005C9788 /* Products */,
			);
			sourceTree = "<group>";
		};
		F49E7AE71F53E9DD005C9788 /* Products */ = {
			isa = PBXGroup;
			children = (
				F49E7AE61F53E9DD005C9788 /* ThreadCommunicationMethod.app */,
			);
			name = Products;
			sourceTree = "<group>";
		};
		F49E7AE81F53E9DD005C9788 /* ThreadCommunicationMethod */ = {
			isa = PBXGroup;
			children = (
				F49E7AE91F53E9DD005C9788 /* AppDelegate.swift */,
				F49E7AEB1F53E9DD005C9788 /* ViewController.swift */,
				F49E7AED1F53E9DD005C9788 /* Main.storyboard */,
				F49E7AF01F53E9DD005C9788 /* Assets.xcassets */,
				F49E7AF21F53E9DD005C9788 /* LaunchScreen.storyboard */,
				F49E7AF51F53E9DD005C9788 /* Info.plist */,
			);
			path = ThreadCommunicationMethod;
			sourceTree = "<group>";
		};
/* End PBXGroup section */

/* Begin PBXNativeTarget section */
		F49E7AE51F53E9DD005C9788 /* ThreadCommunicationMethod */ = {
			isa = PBXNativeTarget;
			buildConfigurationList = F49E7AF81F53E9DD005C9788 /* Build configuration list for PBXNativeTarget "ThreadCommunicationMethod" */;
			buildPhases = (
				F49E7AE21F53E9DD005C9788 /* Sources */,
				F49E7AE31F53E9DD005C9788 /* Frameworks */,
				F49E7AE41F53E9DD005C9788 /* Resources */,
			);
			buildRules = (
			);
			dependencies = (
			);
			name = ThreadCommunicationMethod;
			productName = ThreadCommunicationMethod;
			productReference = F49E7AE61F53E9DD005C9788 /* ThreadCommunicationMethod.app */;
			productType = "com.apple.product-type.application";
		};
/* End PBXNativeTarget section */

/* Begin PBXProject section */
		F49E7ADE1F53E9DD005C9788 /* Project object */ = {
			isa = PBXProject;
			attributes = {
				LastSwiftUpdateCheck = 0830;
				LastUpgradeCheck = 0830;
				ORGANIZATIONNAME = ZeluLi;
				TargetAttributes = {
					F49E7AE51F53E9DD005C9788 = {
						CreatedOnToolsVersion = 8.3.3;
						DevelopmentTeam = AWN3A347S4;
						ProvisioningStyle = Automatic;
					};
				};
			};
			buildConfigurationList = F49E7AE11F53E9DD005C9788 /* Build configuration list for PBXProject "ThreadCommunicationMethod" */;
			compatibilityVersion = "Xcode 3.2";
			developmentRegion = English;
			hasScannedForEncodings = 0;
			knownRegions = (
				en,
				Base,
			);
			mainGroup = F49E7ADD1F53E9DD005C9788;
			productRefGroup = F49E7AE71F53E9DD005C9788 /* Products */;
			projectDirPath = "";
			projectRoot = "";
			targets = (
				F49E7AE51F53E9DD005C9788 /* ThreadCommunicationMethod */,
			);
		};
/* End PBXProject section */

/* Begin PBXResourcesBuildPhase section */
		F49E7AE41F53E9DD005C9788 /* Resources */ = {
			isa = PBXResourcesBuildPhase;
			buildActionMask = 2147483647;
			files = (
				F49E7AF41F53E9DD005C9788 /* LaunchScreen.storyboard in Resources */,
				F49E7AF11F53E9DD005C9788 /* Assets.xcassets in Resources */,
				F49E7AEF1F53E9DD005C9788 /* Main.storyboard in Resources */,
			);
			runOnlyForDeploymentPostprocessing = 0;
		};
/* End PBXResourcesBuildPhase section */

/* Begin PBXSourcesBuildPhase section */
		F49E7AE21F53E9DD005C9788 /* Sources */ = {
			isa = PBXSourcesBuildPhase;
			buildActionMask = 2147483647;
			files = (
				F49E7AEC1F53E9DD005C9788 /* ViewController.swift in Sources */,
				F49E7AEA1F53E9DD005C9788 /* AppDelegate.swift in Sources */,
			);
			runOnlyForDeploymentPostprocessing = 0;
		};
/* End PBXSourcesBuildPhase section */

/* Begin PBXVariantGroup section */
		F49E7AED1F53E9DD005C9788 /* Main.storyboard */ = {
			isa = PBXVariantGroup;
			children = (
				F49E7AEE1F53E9DD005C9788 /* Base */,
			);
			name = Main.storyboard;
			sourceTree = "<group>";
		};
		F49E7AF21F53E9DD005C9788 /* LaunchScreen.storyboard */ = {
			isa = PBXVariantGroup;
			children = (
				F49E7AF31F53E9DD005C9788 /* Base */,
			);
			name = LaunchScreen.storyboard;
			sourceTree = "<group>";
		};
/* End PBXVariantGroup section */

/* Begin XCBuildConfiguration section */
		F49E7AF61F53E9DD005C9788 /* Debug */ = {
			isa = XCBuildConfiguration;
			buildSettings = {
				ALWAYS_SEARCH_USER_PATHS = NO;
				CLANG_ANALYZER_NONNULL = YES;
				CLANG_ANALYZER_NUMBER_OBJECT_CONVERSION = YES_AGGRESSIVE;
				CLANG_CXX_LANGUAGE_STANDARD = "gnu++0x";
				CLANG_CXX_LIBRARY = "libc++";
				CLANG_ENABLE_MODULES = YES;
				CLANG_ENABLE_OBJC_ARC = YES;
				CLANG_WARN_BOOL_CONVERSION = YES;
				CLANG_WARN_CONSTANT_CONVERSION = YES;
				CLANG_WARN_DIRECT_OBJC_ISA_USAGE = YES_ERROR;
				CLANG_WARN_DOCUMENTATION_COMMENTS = YES;
				CLANG_WARN_EMPTY_BODY = YES;
				CLANG_WARN_ENUM_CONVERSION = YES;
				CLANG_WARN_INFINITE_RECURSION = YES;
				CLANG_WARN_INT_CONVERSION = YES;
				CLANG_WARN_OBJC_ROOT_CLASS = YES_ERROR;
				CLANG_WARN_SUSPICIOUS_MOVE = YES;
				CLANG_WARN_UNREACHABLE_CODE = YES;
				CLANG_WARN__DUPLICATE_METHOD_MATCH = YES;
				"CODE_SIGN_IDENTITY[sdk=iphoneos*]" = "iPhone Developer";
				COPY_PHASE_STRIP = NO;
				DEBUG_INFORMATION_FORMAT = dwarf;
				ENABLE_STRICT_OBJC_MSGSEND = YES;
				ENABLE_TESTABILITY = YES;
				GCC_C_LANGUAGE_STANDARD = gnu99;
				GCC_DYNAMIC_NO_PIC = NO;
				GCC_NO_COMMON_BLOCKS = YES;
				GCC_OPTIMIZATION_LEVEL = 0;
				GCC_PREPROCESSOR_DEFINITIONS = (
					"DEBUG=1",
					"$(inherited)",
				);
				GCC_WARN_64_TO_32_BIT_CONVERSION = YES;
				GCC_WARN_ABOUT_RETURN_TYPE = YES_ERROR;
				GCC_WARN_UNDECLARED_SELECTOR = YES;
				GCC_WARN_UNINITIALIZED_AUTOS = YES_AGGRESSIVE;
				GCC_WARN_UNUSED_FUNCTION = YES;
				GCC_WARN_UNUSED_VARIABLE = YES;
				IPHONEOS_DEPLOYMENT_TARGET = 10.3;
				MTL_ENABLE_DEBUG_INFO = YES;
				ONLY_ACTIVE_ARCH = YES;
				SDKROOT = iphoneos;
				SWIFT_ACTIVE_COMPILATION_CONDITIONS = DEBUG;
				SWIFT_OPTIMIZATION_LEVEL = "-Onone";
			};
			name = Debug;
		};
		F49E7AF71F53E9DD005C9788 /* Release */ = {
			isa = XCBuildConfiguration;
			buildSettings = {
				ALWAYS_SEARCH_USER_PATHS = NO;
				CLANG_ANALYZER_NONNULL = YES;
				CLANG_ANALYZER_NUMBER_OBJECT_CONVERSION = YES_AGGRESSIVE;
				CLANG_CXX_LANGUAGE_STANDARD = "gnu++0x";
				CLANG_CXX_LIBRARY = "libc++";
				CLANG_ENABLE_MODULES = YES;
				CLANG_ENABLE_OBJC_ARC = YES;
				CLANG_WARN_BOOL_CONVERSION = YES;
				CLANG_WARN_CONSTANT_CONVERSION = YES;
				CLANG_WARN_DIRECT_OBJC_ISA_USAGE = YES_ERROR;
				CLANG_WARN_DOCUMENTATION_COMMENTS = YES;
				CLANG_WARN_EMPTY_BODY = YES;
				CLANG_WARN_ENUM_CONVERSION = YES;
				CLANG_WARN_INFINITE_RECURSION = YES;
				CLANG_WARN_INT_CONVERSION = YES;
				CLANG_WARN_OBJC_ROOT_CLASS = YES_ERROR;
				CLANG_WARN_SUSPICIOUS_MOVE = YES;
				CLANG_WARN_UNREACHABLE_CODE = YES;
				CLANG_WARN__DUPLICATE_METHOD_MATCH = YES;
				"CODE_SIGN_IDENTITY[sdk=iphoneos*]" = "iPhone Developer";
				COPY_PHASE_STRIP = NO;
				DEBUG_INFORMATION_FORMAT = "dwarf-with-dsym";
				ENABLE_NS_ASSERTIONS = NO;
				ENABLE_STRICT_OBJC_MSGSEND = YES;
				GCC_C_LANGUAGE_STANDARD = gnu99;
				GCC_NO_COMMON_BLOCKS = YES;
				GCC_WARN_64_TO_32_BIT_CONVERSION = YES;
				GCC_WARN_ABOUT_RETURN_TYPE = YES_ERROR;
				GCC_WARN_UNDECLARED_SELECTOR = YES;
				GCC_WARN_UNINITIALIZED_AUTOS = YES_AGGRESSIVE;
				GCC_WARN_UNUSED_FUNCTION = YES;
				GCC_WARN_UNUSED_VARIABLE = YES;
				IPHONEOS_DEPLOYMENT_TARGET = 10.3;
				MTL_ENABLE_DEBUG_INFO = NO;
				SDKROOT = iphoneos;
				SWIFT_OPTIMIZATION_LEVEL = "-Owholemodule";
				VALIDATE_PRODUCT = YES;
			};
			name = Release;
		};
		F49E7AF91F53E9DD005C9788 /* Debug */ = {
			isa = XCBuildConfiguration;
			buildSettings = {
				ASSETCATALOG_COMPILER_APPICON_NAME = AppIcon;
				DEVELOPMENT_TEAM = AWN3A347S4;
				INFOPLIST_FILE = ThreadCommunicationMethod/Info.plist;
				LD_RUNPATH_SEARCH_PATHS = "$(inherited) @executable_path/Frameworks";
				PRODUCT_BUNDLE_IDENTIFIER = ZeluLi.ThreadCommunicationMethod;
				PRODUCT_NAME = "$(TARGET_NAME)";
				SWIFT_VERSION = 3.0;
			};
			name = Debug;
		};
		F49E7AFA1F53E9DD005C9788 /* Release */ = {
			isa = XCBuildConfiguration;
			buildSettings = {
				ASSETCATALOG_COMPILER_APPICON_NAME = AppIcon;
				DEVELOPMENT_TEAM = AWN3A347S4;
				INFOPLIST_FILE = ThreadCommunicationMethod/Info.plist;
				LD_RUNPATH_SEARCH_PATHS = "$(inherited) @executable_path/Frameworks";
				PRODUCT_BUNDLE_IDENTIFIER = ZeluLi.ThreadCommunicationMethod;
				PRODUCT_NAME = "$(TARGET_NAME)";
				SWIFT_VERSION = 3.0;
			};
			name = Release;
		};
/* End XCBuildConfiguration section */

/* Begin XCConfigurationList section */
		F49E7AE11F53E9DD005C9788 /* Build configuration list for PBXProject "ThreadCommunicationMethod" */ = {
			isa = XCConfigurationList;
			buildConfigurations = (
				F49E7AF61F53E9DD005C9788 /* Debug */,
				F49E7AF71F53E9DD005C9788 /* Release */,
			);
			defaultConfigurationIsVisible = 0;
			defaultConfigurationName = Release;
		};
		F49E7AF81F53E9DD005C9788 /* Build configuration list for PBXNativeTarget "ThreadCommunicationMethod" */ = {
			isa = XCConfigurationList;
			buildConfigurations = (
				F49E7AF91F53E9DD005C9788 /* Debug */,
				F49E7AFA1F53E9DD005C9788 /* Release */,
			);
			defaultConfigurationIsVisible = 0;
		};
/* End XCConfigurationList section */
	};
	rootObject = F49E7ADE1F53E9DD005C9788 /* Project object */;
}
